{
  "requires": true,
  "lockfileVersion": 1,
  "dependencies": {
    "babylonjs": {
      "version": "5.32.1",
      "resolved": "https://registry.npmjs.org/babylonjs/-/babylonjs-5.32.1.tgz",
      "integrity": "sha512-MXuIu2NIIDHQq+IyO4vWUfqsvnDxQRWofGC4LQXAYvfp5N8w2veHcycNbhB48s4PTm5BHHr+GiYOm61asS5PDg=="
    },
    "babylonjs-gltf2interface": {
      "version": "5.32.1",
      "resolved": "https://registry.npmjs.org/babylonjs-gltf2interface/-/babylonjs-gltf2interface-5.32.1.tgz",
      "integrity": "sha512-qMxy88JXwigmU7lY8+dNFaJ0jAGAqf6UreOnpuyO7cjGnjNHTB5CBrKK7QC7k1YxCOogqbvwlKugi7RvzcMCoQ=="
    },
    "babylonjs-loaders": {
      "version": "5.32.1",
      "resolved": "https://registry.npmjs.org/babylonjs-loaders/-/babylonjs-loaders-5.32.1.tgz",
      "integrity": "sha512-OoYKbCAEwC+wQ4JISSvvzPk8LmGMvd8rsnbHWu7innMXTT5wu/KaOpLHu5hm88ltQbFvAem5mYHWc/EF8bVzNQ==",
      "requires": {
        "babylonjs": "^5.32.1",
        "babylonjs-gltf2interface": "^5.32.1"
      }
    }
  }
}
